
Microsoft Visual Studio Solution File, Format Version 12.00
# Visual Studio Version 17
VisualStudioVersion = 17.7.34018.315
MinimumVisualStudioVersion = 10.0.40219.1
Project("{FAE04EC0-301F-11D3-BF4B-00C04F79EFBC}") = "QLCHBX", "QLCHBX\QLCHBX.csproj", "{087F5382-EBF2-42A9-AE33-964952E645BC}"
EndProject
Global
	GlobalSection(SolutionConfigurationPlatforms) = preSolution
		Debug|Any CPU = Debug|Any CPU
		Release|Any CPU = Release|Any CPU
	EndGlobalSection
	GlobalSection(ProjectConfigurationPlatforms) = postSolution
		{087F5382-EBF2-42A9-AE33-964952E645BC}.Debug|Any CPU.ActiveCfg = Debug|Any CPU
		{087F5382-EBF2-42A9-AE33-964952E645BC}.Debug|Any CPU.Build.0 = Debug|Any CPU
		{087F5382-EBF2-42A9-AE33-964952E645BC}.Release|Any CPU.ActiveCfg = Release|Any CPU
		{087F5382-EBF2-42A9-AE33-964952E645BC}.Release|Any CPU.Build.0 = Release|Any CPU
	EndGlobalSection
	GlobalSection(SolutionProperties) = preSolution
		HideSolutionNode = FALSE
	EndGlobalSection
	GlobalSection(ExtensibilityGlobals) = postSolution
		SolutionGuid = {FA7DCB61-CBFE-4C49-B9FB-B24AF5A2DAFA}
	EndGlobalSection
EndGlobal
